# This file is automatically @generated by Cargo.
# It is not intended for manual editing.
version = 4

[[package]]
name = "metis-api"
version = "0.1.0"

[[package]]
name = "metis-cli"
version = "0.1.0"

[[package]]
name = "metis-compute"
version = "0.1.0"

[[package]]
name = "metis-core"
version = "0.1.0"

[[package]]
name = "metis-db"
version = "0.1.0"

[[package]]
name = "metis-tauri"
version = "0.1.0"
